
Microsoft Visual Studio Solution File, Format Version 12.00
# Visual Studio Version 16
VisualStudioVersion = 16.0.30717.126
MinimumVisualStudioVersion = 10.0.40219.1
Project("{9A19103F-16F7-4668-BE54-9A1E7A4F7556}") = "ReflectDemo", "ReflectDemo\ReflectDemo.csproj", "{1AD00265-58F5-416B-9904-75C11E46A77F}"
EndProject
Project("{9A19103F-16F7-4668-BE54-9A1E7A4F7556}") = "GenericDemo", "GenericDemo\GenericDemo.csproj", "{0ADCB28B-3F6B-4A3A-9E9F-EEDE6BDD1AA8}"
EndProject
Project("{9A19103F-16F7-4668-BE54-9A1E7A4F7556}") = "AttributesDemo", "AttributesDemo\AttributesDemo.csproj", "{34954D9E-B67F-4E3F-A6DB-A7DB199FCCC9}"
EndProject
Project("{9A19103F-16F7-4668-BE54-9A1E7A4F7556}") = "DelegateDemo", "DelegateDemo\DelegateDemo.csproj", "{0EC12726-BA0E-42FD-A3ED-D12CAA958E17}"
EndProject
Project("{9A19103F-16F7-4668-BE54-9A1E7A4F7556}") = "MultithreadingDemo", "MultithreadingDemo\MultithreadingDemo.csproj", "{228D0435-1ECD-4374-906B-C039AC03BE56}"
EndProject
Project("{FAE04EC0-301F-11D3-BF4B-00C04F79EFBC}") = "MultithreadingTwoColorBall", "MultithreadingTwoColorBall\MultithreadingTwoColorBall.csproj", "{94583F17-B03C-4449-8C4A-52A7999BBB40}"
EndProject
Global
	GlobalSection(SolutionConfigurationPlatforms) = preSolution
		Debug|Any CPU = Debug|Any CPU
		Release|Any CPU = Release|Any CPU
	EndGlobalSection
	GlobalSection(ProjectConfigurationPlatforms) = postSolution
		{1AD00265-58F5-416B-9904-75C11E46A77F}.Debug|Any CPU.ActiveCfg = Debug|Any CPU
		{1AD00265-58F5-416B-9904-75C11E46A77F}.Debug|Any CPU.Build.0 = Debug|Any CPU
		{1AD00265-58F5-416B-9904-75C11E46A77F}.Release|Any CPU.ActiveCfg = Release|Any CPU
		{1AD00265-58F5-416B-9904-75C11E46A77F}.Release|Any CPU.Build.0 = Release|Any CPU
		{0ADCB28B-3F6B-4A3A-9E9F-EEDE6BDD1AA8}.Debug|Any CPU.ActiveCfg = Debug|Any CPU
		{0ADCB28B-3F6B-4A3A-9E9F-EEDE6BDD1AA8}.Debug|Any CPU.Build.0 = Debug|Any CPU
		{0ADCB28B-3F6B-4A3A-9E9F-EEDE6BDD1AA8}.Release|Any CPU.ActiveCfg = Release|Any CPU
		{0ADCB28B-3F6B-4A3A-9E9F-EEDE6BDD1AA8}.Release|Any CPU.Build.0 = Release|Any CPU
		{34954D9E-B67F-4E3F-A6DB-A7DB199FCCC9}.Debug|Any CPU.ActiveCfg = Debug|Any CPU
		{34954D9E-B67F-4E3F-A6DB-A7DB199FCCC9}.Debug|Any CPU.Build.0 = Debug|Any CPU
		{34954D9E-B67F-4E3F-A6DB-A7DB199FCCC9}.Release|Any CPU.ActiveCfg = Release|Any CPU
		{34954D9E-B67F-4E3F-A6DB-A7DB199FCCC9}.Release|Any CPU.Build.0 = Release|Any CPU
		{0EC12726-BA0E-42FD-A3ED-D12CAA958E17}.Debug|Any CPU.ActiveCfg = Debug|Any CPU
		{0EC12726-BA0E-42FD-A3ED-D12CAA958E17}.Debug|Any CPU.Build.0 = Debug|Any CPU
		{0EC12726-BA0E-42FD-A3ED-D12CAA958E17}.Release|Any CPU.ActiveCfg = Release|Any CPU
		{0EC12726-BA0E-42FD-A3ED-D12CAA958E17}.Release|Any CPU.Build.0 = Release|Any CPU
		{228D0435-1ECD-4374-906B-C039AC03BE56}.Debug|Any CPU.ActiveCfg = Debug|Any CPU
		{228D0435-1ECD-4374-906B-C039AC03BE56}.Debug|Any CPU.Build.0 = Debug|Any CPU
		{228D0435-1ECD-4374-906B-C039AC03BE56}.Release|Any CPU.ActiveCfg = Release|Any CPU
		{228D0435-1ECD-4374-906B-C039AC03BE56}.Release|Any CPU.Build.0 = Release|Any CPU
		{94583F17-B03C-4449-8C4A-52A7999BBB40}.Debug|Any CPU.ActiveCfg = Debug|Any CPU
		{94583F17-B03C-4449-8C4A-52A7999BBB40}.Debug|Any CPU.Build.0 = Debug|Any CPU
		{94583F17-B03C-4449-8C4A-52A7999BBB40}.Release|Any CPU.ActiveCfg = Release|Any CPU
		{94583F17-B03C-4449-8C4A-52A7999BBB40}.Release|Any CPU.Build.0 = Release|Any CPU
	EndGlobalSection
	GlobalSection(SolutionProperties) = preSolution
		HideSolutionNode = FALSE
	EndGlobalSection
	GlobalSection(ExtensibilityGlobals) = postSolution
		SolutionGuid = {45683731-59AA-4DD7-B91B-767696CBABA2}
	EndGlobalSection
EndGlobal
